
Microsoft Visual Studio Solution File, Format Version 12.00
Project("{FAE04EC0-301F-11D3-BF4B-00C04F79EFBC}") = "GhostNetwork.Account.Web", "GhostNetwork.Account.Web\GhostNetwork.Account.Web.csproj", "{C5257A83-CB41-463C-9C45-CF6FE7003F6A}"
EndProject
Project("{FAE04EC0-301F-11D3-BF4B-00C04F79EFBC}") = "GhostNetwork.AspNetCore.Identity.Mongo", "GhostNetwork.AspNetCore.Identity.Mongo\GhostNetwork.AspNetCore.Identity.Mongo.csproj", "{0E27C453-2866-48AB-A300-764996DC9D4F}"
EndProject
Project("{FAE04EC0-301F-11D3-BF4B-00C04F79EFBC}") = "GhostNetwork.Account.Mongo", "GhostNetwork.Account.Mongo\GhostNetwork.Account.Mongo.csproj", "{20A9ED8E-765A-4EB9-B092-0FAB578238B3}"
EndProject
Global
	GlobalSection(SolutionConfigurationPlatforms) = preSolution
		Debug|Any CPU = Debug|Any CPU
		Release|Any CPU = Release|Any CPU
	EndGlobalSection
	GlobalSection(ProjectConfigurationPlatforms) = postSolution
		{C5257A83-CB41-463C-9C45-CF6FE7003F6A}.Debug|Any CPU.ActiveCfg = Debug|Any CPU
		{C5257A83-CB41-463C-9C45-CF6FE7003F6A}.Debug|Any CPU.Build.0 = Debug|Any CPU
		{C5257A83-CB41-463C-9C45-CF6FE7003F6A}.Release|Any CPU.ActiveCfg = Release|Any CPU
		{C5257A83-CB41-463C-9C45-CF6FE7003F6A}.Release|Any CPU.Build.0 = Release|Any CPU
		{0E27C453-2866-48AB-A300-764996DC9D4F}.Debug|Any CPU.ActiveCfg = Debug|Any CPU
		{0E27C453-2866-48AB-A300-764996DC9D4F}.Debug|Any CPU.Build.0 = Debug|Any CPU
		{0E27C453-2866-48AB-A300-764996DC9D4F}.Release|Any CPU.ActiveCfg = Release|Any CPU
		{0E27C453-2866-48AB-A300-764996DC9D4F}.Release|Any CPU.Build.0 = Release|Any CPU
		{20A9ED8E-765A-4EB9-B092-0FAB578238B3}.Debug|Any CPU.ActiveCfg = Debug|Any CPU
		{20A9ED8E-765A-4EB9-B092-0FAB578238B3}.Debug|Any CPU.Build.0 = Debug|Any CPU
		{20A9ED8E-765A-4EB9-B092-0FAB578238B3}.Release|Any CPU.ActiveCfg = Release|Any CPU
		{20A9ED8E-765A-4EB9-B092-0FAB578238B3}.Release|Any CPU.Build.0 = Release|Any CPU
	EndGlobalSection
EndGlobal
